
Microsoft Visual Studio Solution File, Format Version 12.00
# Visual Studio Version 16
VisualStudioVersion = 16.0.30804.86
MinimumVisualStudioVersion = 10.0.40219.1
Project("{FAE04EC0-301F-11D3-BF4B-00C04F79EFBC}") = "Assignment 8 Voting System", "Assignment 8 Voting System\Assignment 8 Voting System.csproj", "{A52132CF-1176-42CE-AADF-43D7EC0A9594}"
EndProject
Global
	GlobalSection(SolutionConfigurationPlatforms) = preSolution
		Debug|Any CPU = Debug|Any CPU
		Release|Any CPU = Release|Any CPU
	EndGlobalSection
	GlobalSection(ProjectConfigurationPlatforms) = postSolution
		{A52132CF-1176-42CE-AADF-43D7EC0A9594}.Debug|Any CPU.ActiveCfg = Debug|Any CPU
		{A52132CF-1176-42CE-AADF-43D7EC0A9594}.Debug|Any CPU.Build.0 = Debug|Any CPU
		{A52132CF-1176-42CE-AADF-43D7EC0A9594}.Release|Any CPU.ActiveCfg = Release|Any CPU
		{A52132CF-1176-42CE-AADF-43D7EC0A9594}.Release|Any CPU.Build.0 = Release|Any CPU
	EndGlobalSection
	GlobalSection(SolutionProperties) = preSolution
		HideSolutionNode = FALSE
	EndGlobalSection
	GlobalSection(ExtensibilityGlobals) = postSolution
		SolutionGuid = {A4F8A4EB-FF28-41D1-90A7-342DBF142DEB}
	EndGlobalSection
EndGlobal
